
Microsoft Visual Studio Solution File, Format Version 12.00
# Visual Studio Version 17
VisualStudioVersion = 17.6.33712.159
MinimumVisualStudioVersion = 10.0.40219.1
Project("{FAE04EC0-301F-11D3-BF4B-00C04F79EFBC}") = "LocadoraVannon.API", "LocadoraVannon\LocadoraVannon.API.csproj", "{1C47A1CA-B05D-4F03-A64B-A9BBC5EB96DD}"
EndProject
Project("{FAE04EC0-301F-11D3-BF4B-00C04F79EFBC}") = "LocadoraVannon.Models", "LocadoraVannon.Models\LocadoraVannon.Models.csproj", "{0931F46F-28B2-4043-A6E4-3756C1826BA5}"
EndProject
Project("{FAE04EC0-301F-11D3-BF4B-00C04F79EFBC}") = "LocadoraVannon.Repositories", "LocadoraVannon.Repositories\LocadoraVannon.Repositories.csproj", "{731E8E6A-042D-4339-B8BF-28BC373D5622}"
EndProject
Global
	GlobalSection(SolutionConfigurationPlatforms) = preSolution
		Debug|Any CPU = Debug|Any CPU
		Release|Any CPU = Release|Any CPU
	EndGlobalSection
	GlobalSection(ProjectConfigurationPlatforms) = postSolution
		{1C47A1CA-B05D-4F03-A64B-A9BBC5EB96DD}.Debug|Any CPU.ActiveCfg = Debug|Any CPU
		{1C47A1CA-B05D-4F03-A64B-A9BBC5EB96DD}.Debug|Any CPU.Build.0 = Debug|Any CPU
		{1C47A1CA-B05D-4F03-A64B-A9BBC5EB96DD}.Release|Any CPU.ActiveCfg = Release|Any CPU
		{1C47A1CA-B05D-4F03-A64B-A9BBC5EB96DD}.Release|Any CPU.Build.0 = Release|Any CPU
		{0931F46F-28B2-4043-A6E4-3756C1826BA5}.Debug|Any CPU.ActiveCfg = Debug|Any CPU
		{0931F46F-28B2-4043-A6E4-3756C1826BA5}.Debug|Any CPU.Build.0 = Debug|Any CPU
		{0931F46F-28B2-4043-A6E4-3756C1826BA5}.Release|Any CPU.ActiveCfg = Release|Any CPU
		{0931F46F-28B2-4043-A6E4-3756C1826BA5}.Release|Any CPU.Build.0 = Release|Any CPU
		{731E8E6A-042D-4339-B8BF-28BC373D5622}.Debug|Any CPU.ActiveCfg = Debug|Any CPU
		{731E8E6A-042D-4339-B8BF-28BC373D5622}.Debug|Any CPU.Build.0 = Debug|Any CPU
		{731E8E6A-042D-4339-B8BF-28BC373D5622}.Release|Any CPU.ActiveCfg = Release|Any CPU
		{731E8E6A-042D-4339-B8BF-28BC373D5622}.Release|Any CPU.Build.0 = Release|Any CPU
	EndGlobalSection
	GlobalSection(SolutionProperties) = preSolution
		HideSolutionNode = FALSE
	EndGlobalSection
	GlobalSection(ExtensibilityGlobals) = postSolution
		SolutionGuid = {9C872F85-03BB-4017-90C7-25642CEEE9DF}
	EndGlobalSection
EndGlobal
